// !$*UTF8*$!
{
	archiveVersion = 1;
	classes = {
	};
	objectVersion = 45;
	objects = {

/* Begin PBXBuildFile section */
		1D3623260D0F684500981E51 /* iSubAppDelegate.m in Sources */ = {isa = PBXBuildFile; fileRef = 1D3623250D0F684500981E51 /* iSubAppDelegate.m */; };
		1D60589B0D05DD56006BFB54 /* main.m in Sources */ = {isa = PBXBuildFile; fileRef = 29B97316FDCFA39411CA2CEA /* main.m */; };
		1D60589F0D05DD5A006BFB54 /* Foundation.framework in Frameworks */ = {isa = PBXBuildFile; fileRef = 1D30AB110D05D00D00671497 /* Foundation.framework */; };
		1DF5F4E00D08C38300B7A737 /* UIKit.framework in Frameworks */ = {isa = PBXBuildFile; fileRef = 1DF5F4DF0D08C38300B7A737 /* UIKit.framework */; };
		2892E4100DC94CBA00A64D0F /* CoreGraphics.framework in Frameworks */ = {isa = PBXBuildFile; fileRef = 2892E40F0DC94CBA00A64D0F /* CoreGraphics.framework */; };
		28AD73600D9D9599002E5188 /* MainWindow.xib in Resources */ = {isa = PBXBuildFile; fileRef = 28AD735F0D9D9599002E5188 /* MainWindow.xib */; };
		28C286E10D94DF7D0034E888 /* RootViewController.m in Sources */ = {isa = PBXBuildFile; fileRef = 28C286E00D94DF7D0034E888 /* RootViewController.m */; };
		28F335F11007B36200424DE2 /* RootViewController.xib in Resources */ = {isa = PBXBuildFile; fileRef = 28F335F01007B36200424DE2 /* RootViewController.xib */; };
		5305C1DA1157EA7A00BC78F0 /* Reachability.m in Sources */ = {isa = PBXBuildFile; fileRef = 5305C1D91157EA7A00BC78F0 /* Reachability.m */; };
		5305C2061157F4F800BC78F0 /* Default.png in Resources */ = {isa = PBXBuildFile; fileRef = 5305C2051157F4F800BC78F0 /* Default.png */; };
		533A2D07113C61CA00B3A376 /* AsynchronousImageView.m in Sources */ = {isa = PBXBuildFile; fileRef = 533A2D06113C61CA00B3A376 /* AsynchronousImageView.m */; };
		534E43B71155659A000B4134 /* AlbumUITableViewCell.m in Sources */ = {isa = PBXBuildFile; fileRef = 534E43B61155659A000B4134 /* AlbumUITableViewCell.m */; };
		534E43BA115565FA000B4134 /* AsynchronousImageViewCached.m in Sources */ = {isa = PBXBuildFile; fileRef = 534E43B9115565FA000B4134 /* AsynchronousImageViewCached.m */; };
		534E443F1155AD01000B4134 /* default-album-art-small.png in Resources */ = {isa = PBXBuildFile; fileRef = 534E443E1155AD01000B4134 /* default-album-art-small.png */; };
		534E44711155B106000B4134 /* SongUITableViewCell.m in Sources */ = {isa = PBXBuildFile; fileRef = 534E44701155B106000B4134 /* SongUITableViewCell.m */; };
		535A889A113F62DD00979783 /* default-album-art.png in Resources */ = {isa = PBXBuildFile; fileRef = 535A8899113F62DD00979783 /* default-album-art.png */; };
		536D612911441F5B00DFCE56 /* settings-page.png in Resources */ = {isa = PBXBuildFile; fileRef = 536D612811441F5B00DFCE56 /* settings-page.png */; };
		536D620B1144495400DFCE56 /* SystemConfiguration.framework in Frameworks */ = {isa = PBXBuildFile; fileRef = 536D620A1144495400DFCE56 /* SystemConfiguration.framework */; };
		536D624411444E4600DFCE56 /* app-icon.png in Resources */ = {isa = PBXBuildFile; fileRef = 536D624311444E4600DFCE56 /* app-icon.png */; };
		537DE2D9113F008C00875852 /* CoreFoundation.framework in Frameworks */ = {isa = PBXBuildFile; fileRef = 537DE2D8113F008C00875852 /* CoreFoundation.framework */; };
		53AA300411461A04003E57E3 /* background.png in Resources */ = {isa = PBXBuildFile; fileRef = 53AA300311461A04003E57E3 /* background.png */; };
		53CECEF9113D8B9500B09699 /* SongInfoViewController.m in Sources */ = {isa = PBXBuildFile; fileRef = 53CECEF7113D8B9500B09699 /* SongInfoViewController.m */; };
		53CECEFA113D8B9500B09699 /* SongInfoViewController.xib in Resources */ = {isa = PBXBuildFile; fileRef = 53CECEF8113D8B9500B09699 /* SongInfoViewController.xib */; };
		53CED25F113E2FF100B09699 /* SettingsViewController.m in Sources */ = {isa = PBXBuildFile; fileRef = 53CED25D113E2FF100B09699 /* SettingsViewController.m */; };
		53CED260113E2FF100B09699 /* SettingsViewController.xib in Resources */ = {isa = PBXBuildFile; fileRef = 53CED25E113E2FF100B09699 /* SettingsViewController.xib */; };
		53F0CD8211589F0A00A665CD /* progress-label-background.png in Resources */ = {isa = PBXBuildFile; fileRef = 53F0CD8111589F0A00A665CD /* progress-label-background.png */; };
		53F2D1D71139F05200107D63 /* Artist.m in Sources */ = {isa = PBXBuildFile; fileRef = 53F2D1D61139F05200107D63 /* Artist.m */; };
		53F2D1FE1139F5A500107D63 /* Index.m in Sources */ = {isa = PBXBuildFile; fileRef = 53F2D1FD1139F5A500107D63 /* Index.m */; };
		53F2D23B1139F9DC00107D63 /* XMLParser.m in Sources */ = {isa = PBXBuildFile; fileRef = 53F2D23A1139F9DC00107D63 /* XMLParser.m */; };
		53F2D3EE113A338500107D63 /* AlbumViewController.m in Sources */ = {isa = PBXBuildFile; fileRef = 53F2D3EC113A338500107D63 /* AlbumViewController.m */; };
		53F2D3EF113A338500107D63 /* AlbumViewController.xib in Resources */ = {isa = PBXBuildFile; fileRef = 53F2D3ED113A338500107D63 /* AlbumViewController.xib */; };
		53F2D420113A4E2C00107D63 /* Album.m in Sources */ = {isa = PBXBuildFile; fileRef = 53F2D41F113A4E2C00107D63 /* Album.m */; };
		53F2D5A6113A63F300107D63 /* Song.m in Sources */ = {isa = PBXBuildFile; fileRef = 53F2D5A5113A63F300107D63 /* Song.m */; };
		53F675AA113B041100822059 /* AudioStreamer.m in Sources */ = {isa = PBXBuildFile; fileRef = 53F675A9113B041100822059 /* AudioStreamer.m */; };
		53F675AF113B048600822059 /* iPhoneStreamingPlayerViewController.m in Sources */ = {isa = PBXBuildFile; fileRef = 53F675AE113B048600822059 /* iPhoneStreamingPlayerViewController.m */; };
		53F675B1113B049900822059 /* iPhoneStreamingPlayerViewController.xib in Resources */ = {isa = PBXBuildFile; fileRef = 53F675B0113B049900822059 /* iPhoneStreamingPlayerViewController.xib */; };
		53F675D8113B092C00822059 /* MediaPlayer.framework in Frameworks */ = {isa = PBXBuildFile; fileRef = 53F675D7113B092C00822059 /* MediaPlayer.framework */; };
		53F675DC113B093900822059 /* CFNetwork.framework in Frameworks */ = {isa = PBXBuildFile; fileRef = 53F675DB113B093900822059 /* CFNetwork.framework */; };
		53F675E2113B095900822059 /* QuartzCore.framework in Frameworks */ = {isa = PBXBuildFile; fileRef = 53F675E1113B095900822059 /* QuartzCore.framework */; };
		53F675E8113B096400822059 /* AudioToolbox.framework in Frameworks */ = {isa = PBXBuildFile; fileRef = 53F675E7113B096400822059 /* AudioToolbox.framework */; };
/* End PBXBuildFile section */

/* Begin PBXFileReference section */
		1D30AB110D05D00D00671497 /* Foundation.framework */ = {isa = PBXFileReference; lastKnownFileType = wrapper.framework; name = Foundation.framework; path = System/Library/Frameworks/Foundation.framework; sourceTree = SDKROOT; };
		1D3623240D0F684500981E51 /* iSubAppDelegate.h */ = {isa = PBXFileReference; fileEncoding = 4; lastKnownFileType = sourcecode.c.h; path = iSubAppDelegate.h; sourceTree = "<group>"; };
		1D3623250D0F684500981E51 /* iSubAppDelegate.m */ = {isa = PBXFileReference; fileEncoding = 4; lastKnownFileType = sourcecode.c.objc; path = iSubAppDelegate.m; sourceTree = "<group>"; };
		1D6058910D05DD3D006BFB54 /* iSub.app */ = {isa = PBXFileReference; explicitFileType = wrapper.application; includeInIndex = 0; path = iSub.app; sourceTree = BUILT_PRODUCTS_DIR; };
		1DF5F4DF0D08C38300B7A737 /* UIKit.framework */ = {isa = PBXFileReference; lastKnownFileType = wrapper.framework; name = UIKit.framework; path = System/Library/Frameworks/UIKit.framework; sourceTree = SDKROOT; };
		2892E40F0DC94CBA00A64D0F /* CoreGraphics.framework */ = {isa = PBXFileReference; lastKnownFileType = wrapper.framework; name = CoreGraphics.framework; path = System/Library/Frameworks/CoreGraphics.framework; sourceTree = SDKROOT; };
		28A0AAE50D9B0CCF005BE974 /* iSub_Prefix.pch */ = {isa = PBXFileReference; fileEncoding = 4; lastKnownFileType = sourcecode.c.h; path = iSub_Prefix.pch; sourceTree = "<group>"; };
		28AD735F0D9D9599002E5188 /* MainWindow.xib */ = {isa = PBXFileReference; lastKnownFileType = file.xib; path = MainWindow.xib; sourceTree = "<group>"; };
		28C286DF0D94DF7D0034E888 /* RootViewController.h */ = {isa = PBXFileReference; fileEncoding = 4; lastKnownFileType = sourcecode.c.h; path = RootViewController.h; sourceTree = "<group>"; };
		28C286E00D94DF7D0034E888 /* RootViewController.m */ = {isa = PBXFileReference; fileEncoding = 4; lastKnownFileType = sourcecode.c.objc; path = RootViewController.m; sourceTree = "<group>"; };
		28F335F01007B36200424DE2 /* RootViewController.xib */ = {isa = PBXFileReference; lastKnownFileType = file.xib; path = RootViewController.xib; sourceTree = "<group>"; };
		29B97316FDCFA39411CA2CEA /* main.m */ = {isa = PBXFileReference; fileEncoding = 4; lastKnownFileType = sourcecode.c.objc; path = main.m; sourceTree = "<group>"; };
		5305C1D81157EA7A00BC78F0 /* Reachability.h */ = {isa = PBXFileReference; fileEncoding = 4; lastKnownFileType = sourcecode.c.h; path = Reachability.h; sourceTree = "<group>"; };
		5305C1D91157EA7A00BC78F0 /* Reachability.m */ = {isa = PBXFileReference; fileEncoding = 4; lastKnownFileType = sourcecode.c.objc; path = Reachability.m; sourceTree = "<group>"; };
		5305C2051157F4F800BC78F0 /* Default.png */ = {isa = PBXFileReference; lastKnownFileType = image.png; path = Default.png; sourceTree = "<group>"; };
		533A2D05113C61C900B3A376 /* AsynchronousImageView.h */ = {isa = PBXFileReference; fileEncoding = 4; lastKnownFileType = sourcecode.c.h; path = AsynchronousImageView.h; sourceTree = "<group>"; };
		533A2D06113C61CA00B3A376 /* AsynchronousImageView.m */ = {isa = PBXFileReference; fileEncoding = 4; lastKnownFileType = sourcecode.c.objc; path = AsynchronousImageView.m; sourceTree = "<group>"; };
		534E43B51155659A000B4134 /* AlbumUITableViewCell.h */ = {isa = PBXFileReference; fileEncoding = 4; lastKnownFileType = sourcecode.c.h; path = AlbumUITableViewCell.h; sourceTree = "<group>"; };
		534E43B61155659A000B4134 /* AlbumUITableViewCell.m */ = {isa = PBXFileReference; fileEncoding = 4; lastKnownFileType = sourcecode.c.objc; path = AlbumUITableViewCell.m; sourceTree = "<group>"; };
		534E43B8115565FA000B4134 /* AsynchronousImageViewCached.h */ = {isa = PBXFileReference; fileEncoding = 4; lastKnownFileType = sourcecode.c.h; path = AsynchronousImageViewCached.h; sourceTree = "<group>"; };
		534E43B9115565FA000B4134 /* AsynchronousImageViewCached.m */ = {isa = PBXFileReference; fileEncoding = 4; lastKnownFileType = sourcecode.c.objc; path = AsynchronousImageViewCached.m; sourceTree = "<group>"; };
		534E443E1155AD01000B4134 /* default-album-art-small.png */ = {isa = PBXFileReference; lastKnownFileType = image.png; path = "default-album-art-small.png"; sourceTree = "<group>"; };
		534E446F1155B106000B4134 /* SongUITableViewCell.h */ = {isa = PBXFileReference; fileEncoding = 4; lastKnownFileType = sourcecode.c.h; path = SongUITableViewCell.h; sourceTree = "<group>"; };
		534E44701155B106000B4134 /* SongUITableViewCell.m */ = {isa = PBXFileReference; fileEncoding = 4; lastKnownFileType = sourcecode.c.objc; path = SongUITableViewCell.m; sourceTree = "<group>"; };
		535A8899113F62DD00979783 /* default-album-art.png */ = {isa = PBXFileReference; lastKnownFileType = image.png; path = "default-album-art.png"; sourceTree = "<group>"; };
		536D612811441F5B00DFCE56 /* settings-page.png */ = {isa = PBXFileReference; lastKnownFileType = image.png; path = "settings-page.png"; sourceTree = "<group>"; };
		536D620A1144495400DFCE56 /* SystemConfiguration.framework */ = {isa = PBXFileReference; lastKnownFileType = wrapper.framework; name = SystemConfiguration.framework; path = System/Library/Frameworks/SystemConfiguration.framework; sourceTree = SDKROOT; };
		536D624311444E4600DFCE56 /* app-icon.png */ = {isa = PBXFileReference; lastKnownFileType = image.png; path = "app-icon.png"; sourceTree = "<group>"; };
		537DE2D8113F008C00875852 /* CoreFoundation.framework */ = {isa = PBXFileReference; lastKnownFileType = wrapper.framework; name = CoreFoundation.framework; path = System/Library/Frameworks/CoreFoundation.framework; sourceTree = SDKROOT; };
		53AA300311461A04003E57E3 /* background.png */ = {isa = PBXFileReference; lastKnownFileType = image.png; path = background.png; sourceTree = "<group>"; };
		53CECEF6113D8B9500B09699 /* SongInfoViewController.h */ = {isa = PBXFileReference; fileEncoding = 4; lastKnownFileType = sourcecode.c.h; path = SongInfoViewController.h; sourceTree = "<group>"; };
		53CECEF7113D8B9500B09699 /* SongInfoViewController.m */ = {isa = PBXFileReference; fileEncoding = 4; lastKnownFileType = sourcecode.c.objc; path = SongInfoViewController.m; sourceTree = "<group>"; };
		53CECEF8113D8B9500B09699 /* SongInfoViewController.xib */ = {isa = PBXFileReference; lastKnownFileType = file.xib; name = SongInfoViewController.xib; path = Classes/SongInfoViewController.xib; sourceTree = "<group>"; };
		53CED25C113E2FF100B09699 /* SettingsViewController.h */ = {isa = PBXFileReference; fileEncoding = 4; lastKnownFileType = sourcecode.c.h; path = SettingsViewController.h; sourceTree = "<group>"; };
		53CED25D113E2FF100B09699 /* SettingsViewController.m */ = {isa = PBXFileReference; fileEncoding = 4; lastKnownFileType = sourcecode.c.objc; path = SettingsViewController.m; sourceTree = "<group>"; };
		53CED25E113E2FF100B09699 /* SettingsViewController.xib */ = {isa = PBXFileReference; lastKnownFileType = file.xib; name = SettingsViewController.xib; path = Classes/SettingsViewController.xib; sourceTree = "<group>"; };
		53F0CD8111589F0A00A665CD /* progress-label-background.png */ = {isa = PBXFileReference; lastKnownFileType = image.png; path = "progress-label-background.png"; sourceTree = "<group>"; };
		53F2D1D51139F05200107D63 /* Artist.h */ = {isa = PBXFileReference; fileEncoding = 4; lastKnownFileType = sourcecode.c.h; path = Artist.h; sourceTree = "<group>"; };
		53F2D1D61139F05200107D63 /* Artist.m */ = {isa = PBXFileReference; fileEncoding = 4; lastKnownFileType = sourcecode.c.objc; path = Artist.m; sourceTree = "<group>"; };
		53F2D1FC1139F5A500107D63 /* Index.h */ = {isa = PBXFileReference; fileEncoding = 4; lastKnownFileType = sourcecode.c.h; path = Index.h; sourceTree = "<group>"; };
		53F2D1FD1139F5A500107D63 /* Index.m */ = {isa = PBXFileReference; fileEncoding = 4; lastKnownFileType = sourcecode.c.objc; path = Index.m; sourceTree = "<group>"; };
		53F2D2391139F9DC00107D63 /* XMLParser.h */ = {isa = PBXFileReference; fileEncoding = 4; lastKnownFileType = sourcecode.c.h; path = XMLParser.h; sourceTree = "<group>"; };
		53F2D23A1139F9DC00107D63 /* XMLParser.m */ = {isa = PBXFileReference; fileEncoding = 4; lastKnownFileType = sourcecode.c.objc; path = XMLParser.m; sourceTree = "<group>"; };
		53F2D3EB113A338500107D63 /* AlbumViewController.h */ = {isa = PBXFileReference; fileEncoding = 4; lastKnownFileType = sourcecode.c.h; path = AlbumViewController.h; sourceTree = "<group>"; };
		53F2D3EC113A338500107D63 /* AlbumViewController.m */ = {isa = PBXFileReference; fileEncoding = 4; lastKnownFileType = sourcecode.c.objc; path = AlbumViewController.m; sourceTree = "<group>"; };
		53F2D3ED113A338500107D63 /* AlbumViewController.xib */ = {isa = PBXFileReference; lastKnownFileType = file.xib; name = AlbumViewController.xib; path = Classes/AlbumViewController.xib; sourceTree = "<group>"; };
		53F2D41E113A4E2C00107D63 /* Album.h */ = {isa = PBXFileReference; fileEncoding = 4; lastKnownFileType = sourcecode.c.h; path = Album.h; sourceTree = "<group>"; };
		53F2D41F113A4E2C00107D63 /* Album.m */ = {isa = PBXFileReference; fileEncoding = 4; lastKnownFileType = sourcecode.c.objc; path = Album.m; sourceTree = "<group>"; };
		53F2D5A4113A63F300107D63 /* Song.h */ = {isa = PBXFileReference; fileEncoding = 4; lastKnownFileType = sourcecode.c.h; path = Song.h; sourceTree = "<group>"; };
		53F2D5A5113A63F300107D63 /* Song.m */ = {isa = PBXFileReference; fileEncoding = 4; lastKnownFileType = sourcecode.c.objc; path = Song.m; sourceTree = "<group>"; };
		53F675A8113B041100822059 /* AudioStreamer.h */ = {isa = PBXFileReference; fileEncoding = 4; lastKnownFileType = sourcecode.c.h; path = AudioStreamer.h; sourceTree = "<group>"; };
		53F675A9113B041100822059 /* AudioStreamer.m */ = {isa = PBXFileReference; fileEncoding = 4; lastKnownFileType = sourcecode.c.objc; path = AudioStreamer.m; sourceTree = "<group>"; };
		53F675AD113B048600822059 /* iPhoneStreamingPlayerViewController.h */ = {isa = PBXFileReference; fileEncoding = 4; lastKnownFileType = sourcecode.c.h; path = iPhoneStreamingPlayerViewController.h; sourceTree = "<group>"; };
		53F675AE113B048600822059 /* iPhoneStreamingPlayerViewController.m */ = {isa = PBXFileReference; fileEncoding = 4; lastKnownFileType = sourcecode.c.objc; path = iPhoneStreamingPlayerViewController.m; sourceTree = "<group>"; };
		53F675B0113B049900822059 /* iPhoneStreamingPlayerViewController.xib */ = {isa = PBXFileReference; lastKnownFileType = file.xib; name = iPhoneStreamingPlayerViewController.xib; path = Classes/iPhoneStreamingPlayerViewController.xib; sourceTree = "<group>"; };
		53F675D7113B092C00822059 /* MediaPlayer.framework */ = {isa = PBXFileReference; lastKnownFileType = wrapper.framework; name = MediaPlayer.framework; path = System/Library/Frameworks/MediaPlayer.framework; sourceTree = SDKROOT; };
		53F675DB113B093900822059 /* CFNetwork.framework */ = {isa = PBXFileReference; lastKnownFileType = wrapper.framework; name = CFNetwork.framework; path = System/Library/Frameworks/CFNetwork.framework; sourceTree = SDKROOT; };
		53F675E1113B095900822059 /* QuartzCore.framework */ = {isa = PBXFileReference; lastKnownFileType = wrapper.framework; name = QuartzCore.framework; path = System/Library/Frameworks/QuartzCore.framework; sourceTree = SDKROOT; };
		53F675E7113B096400822059 /* AudioToolbox.framework */ = {isa = PBXFileReference; lastKnownFileType = wrapper.framework; name = AudioToolbox.framework; path = System/Library/Frameworks/AudioToolbox.framework; sourceTree = SDKROOT; };
		8D1107310486CEB800E47090 /* iSub-Info.plist */ = {isa = PBXFileReference; fileEncoding = 4; lastKnownFileType = text.plist.xml; path = "iSub-Info.plist"; plistStructureDefinitionIdentifier = "com.apple.xcode.plist.structure-definition.iphone.info-plist"; sourceTree = "<group>"; };
/* End PBXFileReference section */

/* Begin PBXFrameworksBuildPhase section */
		1D60588F0D05DD3D006BFB54 /* Frameworks */ = {
			isa = PBXFrameworksBuildPhase;
			buildActionMask = 2147483647;
			files = (
				1D60589F0D05DD5A006BFB54 /* Foundation.framework in Frameworks */,
				1DF5F4E00D08C38300B7A737 /* UIKit.framework in Frameworks */,
				2892E4100DC94CBA00A64D0F /* CoreGraphics.framework in Frameworks */,
				53F675D8113B092C00822059 /* MediaPlayer.framework in Frameworks */,
				53F675DC113B093900822059 /* CFNetwork.framework in Frameworks */,
				53F675E2113B095900822059 /* QuartzCore.framework in Frameworks */,
				53F675E8113B096400822059 /* AudioToolbox.framework in Frameworks */,
				537DE2D9113F008C00875852 /* CoreFoundation.framework in Frameworks */,
				536D620B1144495400DFCE56 /* SystemConfiguration.framework in Frameworks */,
			);
			runOnlyForDeploymentPostprocessing = 0;
		};
/* End PBXFrameworksBuildPhase section */

/* Begin PBXGroup section */
		080E96DDFE201D6D7F000001 /* Classes */ = {
			isa = PBXGroup;
			children = (
				1D3623240D0F684500981E51 /* iSubAppDelegate.h */,
				1D3623250D0F684500981E51 /* iSubAppDelegate.m */,
				53CED25C113E2FF100B09699 /* SettingsViewController.h */,
				53CED25D113E2FF100B09699 /* SettingsViewController.m */,
				28C286DF0D94DF7D0034E888 /* RootViewController.h */,
				28C286E00D94DF7D0034E888 /* RootViewController.m */,
				53F2D3EB113A338500107D63 /* AlbumViewController.h */,
				53F2D3EC113A338500107D63 /* AlbumViewController.m */,
				534E43B51155659A000B4134 /* AlbumUITableViewCell.h */,
				534E43B61155659A000B4134 /* AlbumUITableViewCell.m */,
				534E446F1155B106000B4134 /* SongUITableViewCell.h */,
				534E44701155B106000B4134 /* SongUITableViewCell.m */,
				53F675AD113B048600822059 /* iPhoneStreamingPlayerViewController.h */,
				53F675AE113B048600822059 /* iPhoneStreamingPlayerViewController.m */,
				53CECEF6113D8B9500B09699 /* SongInfoViewController.h */,
				53CECEF7113D8B9500B09699 /* SongInfoViewController.m */,
				5305C1D81157EA7A00BC78F0 /* Reachability.h */,
				5305C1D91157EA7A00BC78F0 /* Reachability.m */,
				53F2D2391139F9DC00107D63 /* XMLParser.h */,
				53F2D23A1139F9DC00107D63 /* XMLParser.m */,
				53F675A8113B041100822059 /* AudioStreamer.h */,
				53F675A9113B041100822059 /* AudioStreamer.m */,
				533A2D05113C61C900B3A376 /* AsynchronousImageView.h */,
				533A2D06113C61CA00B3A376 /* AsynchronousImageView.m */,
				534E43B8115565FA000B4134 /* AsynchronousImageViewCached.h */,
				534E43B9115565FA000B4134 /* AsynchronousImageViewCached.m */,
				53F2D1FC1139F5A500107D63 /* Index.h */,
				53F2D1FD1139F5A500107D63 /* Index.m */,
				53F2D1D51139F05200107D63 /* Artist.h */,
				53F2D1D61139F05200107D63 /* Artist.m */,
				53F2D41E113A4E2C00107D63 /* Album.h */,
				53F2D41F113A4E2C00107D63 /* Album.m */,
				53F2D5A4113A63F300107D63 /* Song.h */,
				53F2D5A5113A63F300107D63 /* Song.m */,
			);
			path = Classes;
			sourceTree = "<group>";
		};
		19C28FACFE9D520D11CA2CBB /* Products */ = {
			isa = PBXGroup;
			children = (
				1D6058910D05DD3D006BFB54 /* iSub.app */,
			);
			name = Products;
			sourceTree = "<group>";
		};
		29B97314FDCFA39411CA2CEA /* CustomTemplate */ = {
			isa = PBXGroup;
			children = (
				080E96DDFE201D6D7F000001 /* Classes */,
				29B97315FDCFA39411CA2CEA /* Other Sources */,
				29B97317FDCFA39411CA2CEA /* Resources */,
				29B97323FDCFA39411CA2CEA /* Frameworks */,
				19C28FACFE9D520D11CA2CBB /* Products */,
			);
			name = CustomTemplate;
			sourceTree = "<group>";
		};
		29B97315FDCFA39411CA2CEA /* Other Sources */ = {
			isa = PBXGroup;
			children = (
				28A0AAE50D9B0CCF005BE974 /* iSub_Prefix.pch */,
				29B97316FDCFA39411CA2CEA /* main.m */,
			);
			name = "Other Sources";
			sourceTree = "<group>";
		};
		29B97317FDCFA39411CA2CEA /* Resources */ = {
			isa = PBXGroup;
			children = (
				28AD735F0D9D9599002E5188 /* MainWindow.xib */,
				53CED25E113E2FF100B09699 /* SettingsViewController.xib */,
				28F335F01007B36200424DE2 /* RootViewController.xib */,
				53F2D3ED113A338500107D63 /* AlbumViewController.xib */,
				53F675B0113B049900822059 /* iPhoneStreamingPlayerViewController.xib */,
				53CECEF8113D8B9500B09699 /* SongInfoViewController.xib */,
				5305C2051157F4F800BC78F0 /* Default.png */,
				53AA300311461A04003E57E3 /* background.png */,
				534E443E1155AD01000B4134 /* default-album-art-small.png */,
				535A8899113F62DD00979783 /* default-album-art.png */,
				536D612811441F5B00DFCE56 /* settings-page.png */,
				53F0CD8111589F0A00A665CD /* progress-label-background.png */,
				536D624311444E4600DFCE56 /* app-icon.png */,
				8D1107310486CEB800E47090 /* iSub-Info.plist */,
			);
			name = Resources;
			sourceTree = "<group>";
		};
		29B97323FDCFA39411CA2CEA /* Frameworks */ = {
			isa = PBXGroup;
			children = (
				1DF5F4DF0D08C38300B7A737 /* UIKit.framework */,
				1D30AB110D05D00D00671497 /* Foundation.framework */,
				2892E40F0DC94CBA00A64D0F /* CoreGraphics.framework */,
				53F675D7113B092C00822059 /* MediaPlayer.framework */,
				53F675DB113B093900822059 /* CFNetwork.framework */,
				53F675E1113B095900822059 /* QuartzCore.framework */,
				53F675E7113B096400822059 /* AudioToolbox.framework */,
				537DE2D8113F008C00875852 /* CoreFoundation.framework */,
				536D620A1144495400DFCE56 /* SystemConfiguration.framework */,
			);
			name = Frameworks;
			sourceTree = "<group>";
		};
/* End PBXGroup section */

/* Begin PBXNativeTarget section */
		1D6058900D05DD3D006BFB54 /* iSub */ = {
			isa = PBXNativeTarget;
			buildConfigurationList = 1D6058960D05DD3E006BFB54 /* Build configuration list for PBXNativeTarget "iSub" */;
			buildPhases = (
				1D60588D0D05DD3D006BFB54 /* Resources */,
				1D60588E0D05DD3D006BFB54 /* Sources */,
				1D60588F0D05DD3D006BFB54 /* Frameworks */,
			);
			buildRules = (
			);
			dependencies = (
			);
			name = iSub;
			productName = iSubTESTING;
			productReference = 1D6058910D05DD3D006BFB54 /* iSub.app */;
			productType = "com.apple.product-type.application";
		};
/* End PBXNativeTarget section */

/* Begin PBXProject section */
		29B97313FDCFA39411CA2CEA /* Project object */ = {
			isa = PBXProject;
			attributes = {
				ORGANIZATIONNAME = "Ben Baron";
			};
			buildConfigurationList = C01FCF4E08A954540054247B /* Build configuration list for PBXProject "iSub" */;
			compatibilityVersion = "Xcode 3.1";
			hasScannedForEncodings = 1;
			knownRegions = (
				English,
				Japanese,
				French,
				German,
				en,
			);
			mainGroup = 29B97314FDCFA39411CA2CEA /* CustomTemplate */;
			projectDirPath = "";
			projectRoot = "";
			targets = (
				1D6058900D05DD3D006BFB54 /* iSub */,
			);
		};
/* End PBXProject section */

/* Begin PBXResourcesBuildPhase section */
		1D60588D0D05DD3D006BFB54 /* Resources */ = {
			isa = PBXResourcesBuildPhase;
			buildActionMask = 2147483647;
			files = (
				28AD73600D9D9599002E5188 /* MainWindow.xib in Resources */,
				28F335F11007B36200424DE2 /* RootViewController.xib in Resources */,
				53F2D3EF113A338500107D63 /* AlbumViewController.xib in Resources */,
				53F675B1113B049900822059 /* iPhoneStreamingPlayerViewController.xib in Resources */,
				53CECEFA113D8B9500B09699 /* SongInfoViewController.xib in Resources */,
				53CED260113E2FF100B09699 /* SettingsViewController.xib in Resources */,
				535A889A113F62DD00979783 /* default-album-art.png in Resources */,
				536D612911441F5B00DFCE56 /* settings-page.png in Resources */,
				536D624411444E4600DFCE56 /* app-icon.png in Resources */,
				53AA300411461A04003E57E3 /* background.png in Resources */,
				534E443F1155AD01000B4134 /* default-album-art-small.png in Resources */,
				5305C2061157F4F800BC78F0 /* Default.png in Resources */,
				53F0CD8211589F0A00A665CD /* progress-label-background.png in Resources */,
			);
			runOnlyForDeploymentPostprocessing = 0;
		};
/* End PBXResourcesBuildPhase section */

/* Begin PBXSourcesBuildPhase section */
		1D60588E0D05DD3D006BFB54 /* Sources */ = {
			isa = PBXSourcesBuildPhase;
			buildActionMask = 2147483647;
			files = (
				1D60589B0D05DD56006BFB54 /* main.m in Sources */,
				1D3623260D0F684500981E51 /* iSubAppDelegate.m in Sources */,
				28C286E10D94DF7D0034E888 /* RootViewController.m in Sources */,
				53F2D1D71139F05200107D63 /* Artist.m in Sources */,
				53F2D1FE1139F5A500107D63 /* Index.m in Sources */,
				53F2D23B1139F9DC00107D63 /* XMLParser.m in Sources */,
				53F2D3EE113A338500107D63 /* AlbumViewController.m in Sources */,
				53F2D420113A4E2C00107D63 /* Album.m in Sources */,
				53F2D5A6113A63F300107D63 /* Song.m in Sources */,
				53F675AA113B041100822059 /* AudioStreamer.m in Sources */,
				53F675AF113B048600822059 /* iPhoneStreamingPlayerViewController.m in Sources */,
				533A2D07113C61CA00B3A376 /* AsynchronousImageView.m in Sources */,
				53CECEF9113D8B9500B09699 /* SongInfoViewController.m in Sources */,
				53CED25F113E2FF100B09699 /* SettingsViewController.m in Sources */,
				534E43B71155659A000B4134 /* AlbumUITableViewCell.m in Sources */,
				534E43BA115565FA000B4134 /* AsynchronousImageViewCached.m in Sources */,
				534E44711155B106000B4134 /* SongUITableViewCell.m in Sources */,
				5305C1DA1157EA7A00BC78F0 /* Reachability.m in Sources */,
			);
			runOnlyForDeploymentPostprocessing = 0;
		};
/* End PBXSourcesBuildPhase section */

/* Begin XCBuildConfiguration section */
		1D6058940D05DD3E006BFB54 /* Debug */ = {
			isa = XCBuildConfiguration;
			buildSettings = {
				ALWAYS_SEARCH_USER_PATHS = NO;
				COPY_PHASE_STRIP = NO;
				GCC_DYNAMIC_NO_PIC = NO;
				GCC_OPTIMIZATION_LEVEL = 0;
				GCC_PRECOMPILE_PREFIX_HEADER = YES;
				GCC_PREFIX_HEADER = iSub_Prefix.pch;
				INFOPLIST_FILE = "iSub-Info.plist";
				PRODUCT_NAME = iSub;
			};
			name = Debug;
		};
		1D6058950D05DD3E006BFB54 /* Release */ = {
			isa = XCBuildConfiguration;
			buildSettings = {
				ALWAYS_SEARCH_USER_PATHS = NO;
				COPY_PHASE_STRIP = YES;
				GCC_PRECOMPILE_PREFIX_HEADER = YES;
				GCC_PREFIX_HEADER = iSub_Prefix.pch;
				INFOPLIST_FILE = "iSub-Info.plist";
				IPHONEOS_DEPLOYMENT_TARGET = 3.1;
				PRODUCT_NAME = iSub;
				SDKROOT = iphoneos3.1;
			};
			name = Release;
		};
		C01FCF4F08A954540054247B /* Debug */ = {
			isa = XCBuildConfiguration;
			buildSettings = {
				ARCHS = "$(ARCHS_STANDARD_32_BIT)";
				"CODE_SIGN_IDENTITY[sdk=iphoneos*]" = "iPhone Developer: Benjamin Baron (T2FQV5U2DH)";
				GCC_C_LANGUAGE_STANDARD = c99;
				GCC_WARN_ABOUT_RETURN_TYPE = YES;
				GCC_WARN_UNUSED_VARIABLE = YES;
				PREBINDING = NO;
				"PROVISIONING_PROFILE[sdk=iphoneos*]" = "9DC9128E-3A61-4D53-A1E2-FE617CF0F961";
				SDKROOT = iphoneos4.0;
			};
			name = Debug;
		};
		C01FCF5008A954540054247B /* Release */ = {
			isa = XCBuildConfiguration;
			buildSettings = {
				ARCHS = "$(ARCHS_STANDARD_32_BIT)";
				"CODE_SIGN_IDENTITY[sdk=iphoneos*]" = "iPhone Distribution";
				GCC_C_LANGUAGE_STANDARD = c99;
				GCC_WARN_ABOUT_RETURN_TYPE = YES;
				GCC_WARN_UNUSED_VARIABLE = YES;
				PREBINDING = NO;
				"PROVISIONING_PROFILE[sdk=iphoneos*]" = "";
				SDKROOT = iphoneos4.0;
			};
			name = Release;
		};
/* End XCBuildConfiguration section */

/* Begin XCConfigurationList section */
		1D6058960D05DD3E006BFB54 /* Build configuration list for PBXNativeTarget "iSub" */ = {
			isa = XCConfigurationList;
			buildConfigurations = (
				1D6058940D05DD3E006BFB54 /* Debug */,
				1D6058950D05DD3E006BFB54 /* Release */,
			);
			defaultConfigurationIsVisible = 0;
			defaultConfigurationName = Release;
		};
		C01FCF4E08A954540054247B /* Build configuration list for PBXProject "iSub" */ = {
			isa = XCConfigurationList;
			buildConfigurations = (
				C01FCF4F08A954540054247B /* Debug */,
				C01FCF5008A954540054247B /* Release */,
			);
			defaultConfigurationIsVisible = 0;
			defaultConfigurationName = Release;
		};
/* End XCConfigurationList section */
	};
	rootObject = 29B97313FDCFA39411CA2CEA /* Project object */;
}
